{
  "projects": [
    {
      "projectId": "9Vr5YWkf3w7jj6SsTcCEta",
      "version": "0.1.0",
      "dependencies": {},
      "lang": "js",
      "fileLocks": [
        {
          "assetId": "9Vr5YWkf3w7jj6SsTcCEta",
          "type": "projectCss",
          "checksum": "e1ec850476829c38b0f9b6d4f7ac446a"
        }
      ],
      "codegenVersion": "0.0.1"
    },
    {
      "projectId": "jkU633o1Cz7HrJdwdxhVHk",
      "version": "15.3.0",
      "dependencies": {},
      "lang": "js",
      "fileLocks": [
        {
          "assetId": "jkU633o1Cz7HrJdwdxhVHk",
          "type": "projectCss",
          "checksum": "0ae263a3f39b0edbe6d53f733a8b04f1"
        }
      ],
      "codegenVersion": "0.0.1"
    },
    {
      "projectId": "ohDidvG9XsCeFumugENU3J",
      "version": "4.9.0",
      "dependencies": {},
      "lang": "js",
      "fileLocks": [
        {
          "assetId": "ohDidvG9XsCeFumugENU3J",
          "type": "projectCss",
          "checksum": "fd83b730367fdbde2c69bc6cf31c2a3c"
        },
        {
          "assetId": "ohDidvG9XsCeFumugENU3J",
          "checksum": "8f45a75070e2f0edc34a4dc3d5f6b736",
          "type": "globalContexts"
        }
      ],
      "codegenVersion": "0.0.1"
    },
    {
      "projectId": "txUbxyHZEQtwFYn2S2wJPb",
      "version": "latest",
      "dependencies": {
        "ohDidvG9XsCeFumugENU3J": "4.9.0",
        "jkU633o1Cz7HrJdwdxhVHk": "15.3.0",
        "9Vr5YWkf3w7jj6SsTcCEta": "0.1.0"
      },
      "lang": "js",
      "fileLocks": [
        {
          "type": "globalVariant",
          "assetId": "PF9XiFpC_eG",
          "checksum": "7d3740551bdd8ed4bf871e942842c92e"
        },
        {
          "assetId": "txUbxyHZEQtwFYn2S2wJPb",
          "type": "projectCss",
          "checksum": "afe576f23d3ceb23c5355c5d1da7e4d9"
        },
        {
          "assetId": "txUbxyHZEQtwFYn2S2wJPb",
          "checksum": "cd83c8fe457ebd1c9d5dfd0426ced11b",
          "type": "globalContexts"
        },
        {
          "type": "renderModule",
          "assetId": "xk8jVg_PE3",
          "checksum": "13018be4747d9816ec97a50d9e5f5aa7"
        },
        {
          "type": "cssRules",
          "assetId": "xk8jVg_PE3",
          "checksum": "13018be4747d9816ec97a50d9e5f5aa7"
        },
        {
          "type": "renderModule",
          "assetId": "50Hf3fg5bP5",
          "checksum": "c4bc47e76d469a444050eac20d0df7bb"
        },
        {
          "type": "cssRules",
          "assetId": "50Hf3fg5bP5",
          "checksum": "c4bc47e76d469a444050eac20d0df7bb"
        },
        {
          "type": "icon",
          "assetId": "fiSPgAspR93",
          "checksum": "4fd495526985c297471ed904604080a4"
        },
        {
          "type": "icon",
          "assetId": "5FAYUgElqvo",
          "checksum": "da19db12baa72a979972d5f9ad346319"
        },
        {
          "type": "icon",
          "assetId": "nvkwbz3bO",
          "checksum": "58b85e6cedc4cbaba789bb7720a381be"
        },
        {
          "type": "icon",
          "assetId": "HfMl9CBSmV",
          "checksum": "c5cd6cd1cf0efb60961206e1e8166c27"
        },
        {
          "type": "icon",
          "assetId": "VQjw1BFhHn",
          "checksum": "89fa654a40f973f7c3724d37d7e85339"
        },
        {
          "type": "icon",
          "assetId": "3nEFLw0W3F",
          "checksum": "b833bf19d5a9184fef3fa0145b6f3f87"
        },
        {
          "type": "icon",
          "assetId": "gmcc7ClbKv",
          "checksum": "a10d6bca512b33d3692fa14d7ede505a"
        },
        {
          "type": "icon",
          "assetId": "ZBPpw_Ezje",
          "checksum": "f75cc98b569de717a901bdb7ed580b6e"
        },
        {
          "type": "icon",
          "assetId": "hu_aQOcNlM",
          "checksum": "a812dacd6239e4a86f0083d49516680c"
        },
        {
          "type": "icon",
          "assetId": "WJv-4_FXed",
          "checksum": "4416707c2009df7fa9a9bad322858880"
        },
        {
          "type": "icon",
          "assetId": "4wEF_-_uo2",
          "checksum": "d3be414356dcdc3b3ebc886cb018be98"
        },
        {
          "type": "icon",
          "assetId": "exSXVG-hC6",
          "checksum": "6eebca488d9c8d780500e9b1e26bc1ef"
        },
        {
          "type": "icon",
          "assetId": "cQgn5UmZz5",
          "checksum": "9cc33971b6aad873de615be1ee14d39b"
        },
        {
          "type": "icon",
          "assetId": "21Burylywu",
          "checksum": "60232ba3ece4bb6ff4b187d34e2c6a55"
        },
        {
          "type": "icon",
          "assetId": "8x8sd2pAoX",
          "checksum": "ce70569a72f23414a39795bb5572833e"
        },
        {
          "type": "icon",
          "assetId": "o3gZzpb13f",
          "checksum": "d1734f2154929cae4395e579441a1b0b"
        },
        {
          "type": "icon",
          "assetId": "iWxNz4HDhn",
          "checksum": "a6b52081b0174a210f2ca6c416493e02"
        },
        {
          "type": "icon",
          "assetId": "d5Xigli00Dr",
          "checksum": "d0f97b8da10d2b07d5d936c49959875a"
        },
        {
          "type": "icon",
          "assetId": "SyAOEduEjuG",
          "checksum": "1e5ecb964d08f3c796c7c777f9425849"
        },
        {
          "type": "icon",
          "assetId": "2KfugnnlH_Q",
          "checksum": "10e8c146e1da37f20743c08d8e684419"
        },
        {
          "type": "icon",
          "assetId": "C73rrU9xQrB",
          "checksum": "61ed47cb34d2c4a6e88491cbc43dc299"
        },
        {
          "type": "icon",
          "assetId": "vjswU7vgsXL",
          "checksum": "c750126a4f5c9a28c77ac5721cbc8e3b"
        },
        {
          "type": "icon",
          "assetId": "VW2GrqCH6JZ",
          "checksum": "7a4b1f4c81e455ebce4dedb24ea9e430"
        },
        {
          "type": "icon",
          "assetId": "tWNKKgDp969",
          "checksum": "8e16678fc0a3c226f5b93a2a1612ed8f"
        },
        {
          "type": "icon",
          "assetId": "zFy48Q-6upe",
          "checksum": "564137a64aa884d92b441fb9f6c40b40"
        },
        {
          "type": "icon",
          "assetId": "HyYvCIVuCdh",
          "checksum": "6f0b6de39d3b8ac65751b057393f1ec5"
        },
        {
          "type": "icon",
          "assetId": "PKJyjCnp66T",
          "checksum": "b75664dddab90b603552fe6f4919cab6"
        },
        {
          "type": "icon",
          "assetId": "EkquiWTOjCA",
          "checksum": "d640e2a0a3824e9fa918defbdbff09af"
        },
        {
          "type": "icon",
          "assetId": "yT7pm-Nn6bn",
          "checksum": "3eb415e0b532fdb38294ccae5dd6ebca"
        },
        {
          "type": "icon",
          "assetId": "4lwh-dGozdO",
          "checksum": "784f918f174f07911804831e73d22182"
        },
        {
          "type": "icon",
          "assetId": "EEReszy3qU3",
          "checksum": "426f1640f9df1f332385ffb1aab2bcbe"
        },
        {
          "type": "icon",
          "assetId": "kxzPVJTf1Gv",
          "checksum": "4e51d592738b0ef7e03136a8963d2ba9"
        },
        {
          "type": "icon",
          "assetId": "rXIX1XjlboB",
          "checksum": "1a6fe987757790d784a4624f8aba7261"
        },
        {
          "type": "icon",
          "assetId": "ENfcRDfWhFT",
          "checksum": "cabd5060723b47b69507541dcd7062ab"
        },
        {
          "type": "icon",
          "assetId": "jbds7xlRHWA",
          "checksum": "e5a1a4549ce9b27eadf78c8dd40eefd4"
        },
        {
          "type": "icon",
          "assetId": "lahXWw3BS32",
          "checksum": "505b5adcdf49cd71fdd6757a169ff3f1"
        },
        {
          "type": "image",
          "assetId": "bMYb92GZ3G",
          "checksum": "741b257ec71e78a2da5ba43403a31730"
        }
      ],
      "codegenVersion": "0.0.1"
    }
  ],
  "cliVersion": "0.1.302"
}
